
Microsoft Visual Studio Solution File, Format Version 12.00
# Visual Studio Version 17
VisualStudioVersion = 17.7.34202.233
MinimumVisualStudioVersion = 10.0.40219.1
Project("{FAE04EC0-301F-11D3-BF4B-00C04F79EFBC}") = "CYD", "CYD.csproj", "{00BCA348-877A-43B5-913F-BD95AC1B7D1A}"
EndProject
Global
	GlobalSection(SolutionConfigurationPlatforms) = preSolution
		Debug|Any CPU = Debug|Any CPU
		Release|Any CPU = Release|Any CPU
	EndGlobalSection
	GlobalSection(ProjectConfigurationPlatforms) = postSolution
		{00BCA348-877A-43B5-913F-BD95AC1B7D1A}.Debug|Any CPU.ActiveCfg = Debug|Any CPU
		{00BCA348-877A-43B5-913F-BD95AC1B7D1A}.Debug|Any CPU.Build.0 = Debug|Any CPU
		{00BCA348-877A-43B5-913F-BD95AC1B7D1A}.Debug|Any CPU.Deploy.0 = Debug|Any CPU
		{00BCA348-877A-43B5-913F-BD95AC1B7D1A}.Release|Any CPU.ActiveCfg = Release|Any CPU
		{00BCA348-877A-43B5-913F-BD95AC1B7D1A}.Release|Any CPU.Build.0 = Release|Any CPU
		{00BCA348-877A-43B5-913F-BD95AC1B7D1A}.Release|Any CPU.Deploy.0 = Release|Any CPU
	EndGlobalSection
	GlobalSection(SolutionProperties) = preSolution
		HideSolutionNode = FALSE
	EndGlobalSection
	GlobalSection(ExtensibilityGlobals) = postSolution
		SolutionGuid = {626D0A77-3A50-4BC0-AF87-1968F24D2ABB}
	EndGlobalSection
EndGlobal
